
Microsoft Visual Studio Solution File, Format Version 12.00
# Visual Studio 15
VisualStudioVersion = 15.0.27703.2026
MinimumVisualStudioVersion = 10.0.40219.1
Project("{FAE04EC0-301F-11D3-BF4B-00C04F79EFBC}") = "LMGD_Tester", "LMGD_Tester\LMGD_Tester.csproj", "{F8091FFE-6FA0-4F78-B08A-77DD6EB9505C}"
EndProject
Global
	GlobalSection(SolutionConfigurationPlatforms) = preSolution
		Debug|Any CPU = Debug|Any CPU
		Release|Any CPU = Release|Any CPU
	EndGlobalSection
	GlobalSection(ProjectConfigurationPlatforms) = postSolution
		{F8091FFE-6FA0-4F78-B08A-77DD6EB9505C}.Debug|Any CPU.ActiveCfg = Debug|Any CPU
		{F8091FFE-6FA0-4F78-B08A-77DD6EB9505C}.Debug|Any CPU.Build.0 = Debug|Any CPU
		{F8091FFE-6FA0-4F78-B08A-77DD6EB9505C}.Release|Any CPU.ActiveCfg = Release|Any CPU
		{F8091FFE-6FA0-4F78-B08A-77DD6EB9505C}.Release|Any CPU.Build.0 = Release|Any CPU
	EndGlobalSection
	GlobalSection(SolutionProperties) = preSolution
		HideSolutionNode = FALSE
	EndGlobalSection
	GlobalSection(ExtensibilityGlobals) = postSolution
		SolutionGuid = {9A05529D-01F5-487E-84FA-C40BA16ACC16}
	EndGlobalSection
EndGlobal
